
Microsoft Visual Studio Solution File, Format Version 12.00
# Visual Studio 15
VisualStudioVersion = 15.0.28307.1082
MinimumVisualStudioVersion = 10.0.40219.1
Project("{FAE04EC0-301F-11D3-BF4B-00C04F79EFBC}") = "FerreteriaWF", "FerreteriaWF\FerreteriaWF.csproj", "{DDD368D4-31A7-4728-96DA-4315215D1F70}"
EndProject
Global
	GlobalSection(SolutionConfigurationPlatforms) = preSolution
		Debug|Any CPU = Debug|Any CPU
		Release|Any CPU = Release|Any CPU
	EndGlobalSection
	GlobalSection(ProjectConfigurationPlatforms) = postSolution
		{DDD368D4-31A7-4728-96DA-4315215D1F70}.Debug|Any CPU.ActiveCfg = Debug|Any CPU
		{DDD368D4-31A7-4728-96DA-4315215D1F70}.Debug|Any CPU.Build.0 = Debug|Any CPU
		{DDD368D4-31A7-4728-96DA-4315215D1F70}.Release|Any CPU.ActiveCfg = Release|Any CPU
		{DDD368D4-31A7-4728-96DA-4315215D1F70}.Release|Any CPU.Build.0 = Release|Any CPU
	EndGlobalSection
	GlobalSection(SolutionProperties) = preSolution
		HideSolutionNode = FALSE
	EndGlobalSection
	GlobalSection(ExtensibilityGlobals) = postSolution
		SolutionGuid = {D8CCF6CB-4AAE-4250-B19A-B8663694067C}
	EndGlobalSection
EndGlobal
